lockfileVersion: '6.0'

settings:
  autoInstallPeers: true
  excludeLinksFromLockfile: false

dependencies:
  yuv-buffer:
    specifier: ^1.0.0
    version: 1.0.0
  yuv-canvas:
    specifier: ^1.2.11
    version: 1.2.11

devDependencies:
  '@parcel/optimizer-data-url':
    specifier: 2.5.0
    version: 2.5.0(@parcel/core@2.9.3)

packages:

  /@lezer/common@0.15.12:
    resolution: {integrity: sha512-edfwCxNLnzq5pBA/yaIhwJ3U3Kz8VAUOTRg0hhxaizaI1N+qxV7EXDv/kLCkLeq2RzSFvxexlaj5Mzfn2kY0Ig==}
    dev: true

  /@lezer/lr@0.15.8:
    resolution: {integrity: sha512-bM6oE6VQZ6hIFxDNKk8bKPa14hqFrV07J/vHGOeiAbJReIaQXmkVb6xQu4MR+JBTLa5arGRyAAjJe1qaQt3Uvg==}
    dependencies:
      '@lezer/common': 0.15.12
    dev: true

  /@lmdb/lmdb-darwin-arm64@2.7.11:
    resolution: {integrity: sha512-r6+vYq2vKzE+vgj/rNVRMwAevq0+ZR9IeMFIqcSga+wMtMdXQ27KqQ7uS99/yXASg29bos7yHP3yk4x6Iio0lw==}
    cpu: [arm64]
    os: [darwin]
    requiresBuild: true
    dev: true
    optional: true

  /@lmdb/lmdb-darwin-x64@2.7.11:
    resolution: {integrity: sha512-jhj1aB4K8ycRL1HOQT5OtzlqOq70jxUQEWRN9Gqh3TIDN30dxXtiHi6EWF516tzw6v2+3QqhDMJh8O6DtTGG8Q==}
    cpu: [x64]
    os: [darwin]
    requiresBuild: true
    dev: true
    optional: true

  /@lmdb/lmdb-linux-arm64@2.7.11:
    resolution: {integrity: sha512-7xGEfPPbmVJWcY2Nzqo11B9Nfxs+BAsiiaY/OcT4aaTDdykKeCjvKMQJA3KXCtZ1AtiC9ljyGLi+BfUwdulY5A==}
    cpu: [arm64]
    os: [linux]
    requiresBuild: true
    dev: true
    optional: true

  /@lmdb/lmdb-linux-arm@2.7.11:
    resolution: {integrity: sha512-dHfLFVSrw/v5X5lkwp0Vl7+NFpEeEYKfMG2DpdFJnnG1RgHQZngZxCaBagFoaJGykRpd2DYF1AeuXBFrAUAXfw==}
    cpu: [arm]
    os: [linux]
    requiresBuild: true
    dev: true
    optional: true

  /@lmdb/lmdb-linux-x64@2.7.11:
    resolution: {integrity: sha512-vUKI3JrREMQsXX8q0Eq5zX2FlYCKWMmLiCyyJNfZK0Uyf14RBg9VtB3ObQ41b4swYh2EWaltasWVe93Y8+KDng==}
    cpu: [x64]
    os: [linux]
    requiresBuild: true
    dev: true
    optional: true

  /@lmdb/lmdb-win32-x64@2.7.11:
    resolution: {integrity: sha512-BJwkHlSUgtB+Ei52Ai32M1AOMerSlzyIGA/KC4dAGL+GGwVMdwG8HGCOA2TxP3KjhbgDPMYkv7bt/NmOmRIFng==}
    cpu: [x64]
    os: [win32]
    requiresBuild: true
    dev: true
    optional: true

  /@mischnic/json-sourcemap@0.1.0:
    resolution: {integrity: sha512-dQb3QnfNqmQNYA4nFSN/uLaByIic58gOXq4Y4XqLOWmOrw73KmJPt/HLyG0wvn1bnR6mBKs/Uwvkh+Hns1T0XA==}
    engines: {node: '>=12.0.0'}
    dependencies:
      '@lezer/common': 0.15.12
      '@lezer/lr': 0.15.8
      json5: 2.2.3
    dev: true

  /@msgpackr-extract/msgpackr-extract-darwin-arm64@3.0.2:
    resolution: {integrity: sha512-9bfjwDxIDWmmOKusUcqdS4Rw+SETlp9Dy39Xui9BEGEk19dDwH0jhipwFzEff/pFg95NKymc6TOTbRKcWeRqyQ==}
    cpu: [arm64]
    os: [darwin]
    requiresBuild: true
    dev: true
    optional: true

  /@msgpackr-extract/msgpackr-extract-darwin-x64@3.0.2:
    resolution: {integrity: sha512-lwriRAHm1Yg4iDf23Oxm9n/t5Zpw1lVnxYU3HnJPTi2lJRkKTrps1KVgvL6m7WvmhYVt/FIsssWay+k45QHeuw==}
    cpu: [x64]
    os: [darwin]
    requiresBuild: true
    dev: true
    optional: true

  /@msgpackr-extract/msgpackr-extract-linux-arm64@3.0.2:
    resolution: {integrity: sha512-FU20Bo66/f7He9Fp9sP2zaJ1Q8L9uLPZQDub/WlUip78JlPeMbVL8546HbZfcW9LNciEXc8d+tThSJjSC+tmsg==}
    cpu: [arm64]
    os: [linux]
    requiresBuild: true
    dev: true
    optional: true

  /@msgpackr-extract/msgpackr-extract-linux-arm@3.0.2:
    resolution: {integrity: sha512-MOI9Dlfrpi2Cuc7i5dXdxPbFIgbDBGgKR5F2yWEa6FVEtSWncfVNKW5AKjImAQ6CZlBK9tympdsZJ2xThBiWWA==}
    cpu: [arm]
    os: [linux]
    requiresBuild: true
    dev: true
    optional: true

  /@msgpackr-extract/msgpackr-extract-linux-x64@3.0.2:
    resolution: {integrity: sha512-gsWNDCklNy7Ajk0vBBf9jEx04RUxuDQfBse918Ww+Qb9HCPoGzS+XJTLe96iN3BVK7grnLiYghP/M4L8VsaHeA==}
    cpu: [x64]
    os: [linux]
    requiresBuild: true
    dev: true
    optional: true

  /@msgpackr-extract/msgpackr-extract-win32-x64@3.0.2:
    resolution: {integrity: sha512-O+6Gs8UeDbyFpbSh2CPEz/UOrrdWPTBYNblZK5CxxLisYt4kGX3Sc+czffFonyjiGSq3jWLwJS/CCJc7tBr4sQ==}
    cpu: [x64]
    os: [win32]
    requiresBuild: true
    dev: true
    optional: true

  /@parcel/cache@2.5.0(@parcel/core@2.9.3):
    resolution: {integrity: sha512-3kOO3cZQv0FAKhrMHGLdb4Qtzpmy78Q6jPN3u8eCY4yqeDTnyQBZvWNHoyCm5WlmL8y6Q6REYMbETLxSH1ggAQ==}
    engines: {node: '>= 12.0.0'}
    peerDependencies:
      '@parcel/core': ^2.5.0
    dependencies:
      '@parcel/core': 2.9.3
      '@parcel/fs': 2.5.0(@parcel/core@2.9.3)
      '@parcel/logger': 2.5.0
      '@parcel/utils': 2.5.0
      lmdb: 2.2.4
    dev: true

  /@parcel/cache@2.9.3(@parcel/core@2.9.3):
    resolution: {integrity: sha512-Bj/H2uAJJSXtysG7E/x4EgTrE2hXmm7td/bc97K8M9N7+vQjxf7xb0ebgqe84ePVMkj4MVQSMEJkEucXVx4b0Q==}
    engines: {node: '>= 12.0.0'}
    peerDependencies:
      '@parcel/core': ^2.9.3
    dependencies:
      '@parcel/core': 2.9.3
      '@parcel/fs': 2.9.3(@parcel/core@2.9.3)
      '@parcel/logger': 2.9.3
      '@parcel/utils': 2.9.3
      lmdb: 2.7.11
    dev: true

  /@parcel/codeframe@2.5.0:
    resolution: {integrity: sha512-qafqL8Vu2kr932cCWESoDEEoAeKVi7/xdzTBuhzEJng1AfmRT0rCbt/P4ao3RjiDyozPSjXsHOqM6GDZcto4eQ==}
    engines: {node: '>= 12.0.0'}
    dependencies:
      chalk: 4.1.2
    dev: true

  /@parcel/codeframe@2.9.3:
    resolution: {integrity: sha512-z7yTyD6h3dvduaFoHpNqur74/2yDWL++33rjQjIjCaXREBN6dKHoMGMizzo/i4vbiI1p9dDox2FIDEHCMQxqdA==}
    engines: {node: '>= 12.0.0'}
    dependencies:
      chalk: 4.1.2
    dev: true

  /@parcel/core@2.9.3:
    resolution: {integrity: sha512-4KlM1Zr/jpsqWuMXr2zmGsaOUs1zMMFh9vfCNKRZkptf+uk8I3sugHbNdo+F5B+4e2yMuOEb1zgAmvJLeuH6ww==}
    engines: {node: '>= 12.0.0'}
    dependencies:
      '@mischnic/json-sourcemap': 0.1.0
      '@parcel/cache': 2.9.3(@parcel/core@2.9.3)
      '@parcel/diagnostic': 2.9.3
      '@parcel/events': 2.9.3
      '@parcel/fs': 2.9.3(@parcel/core@2.9.3)
      '@parcel/graph': 2.9.3
      '@parcel/hash': 2.9.3
      '@parcel/logger': 2.9.3
      '@parcel/package-manager': 2.9.3(@parcel/core@2.9.3)
      '@parcel/plugin': 2.9.3(@parcel/core@2.9.3)
      '@parcel/profiler': 2.9.3
      '@parcel/source-map': 2.1.1
      '@parcel/types': 2.9.3(@parcel/core@2.9.3)
      '@parcel/utils': 2.9.3
      '@parcel/workers': 2.9.3(@parcel/core@2.9.3)
      abortcontroller-polyfill: 1.7.5
      base-x: 3.0.9
      browserslist: 4.21.10
      clone: 2.1.2
      dotenv: 7.0.0
      dotenv-expand: 5.1.0
      json5: 2.2.3
      msgpackr: 1.8.5
      nullthrows: 1.1.1
      semver: 7.5.4
    dev: true

  /@parcel/diagnostic@2.5.0:
    resolution: {integrity: sha512-KiMGGRpEV7wl5gjcxBKcgX84a+cG+IEn94gwy5LK3lENR09nuKShqqgKGAmj/17CobJgw1QNP94/H4Md+oxIWg==}
    engines: {node: '>= 12.0.0'}
    dependencies:
      '@mischnic/json-sourcemap': 0.1.0
      nullthrows: 1.1.1
    dev: true

  /@parcel/diagnostic@2.9.3:
    resolution: {integrity: sha512-6jxBdyB3D7gP4iE66ghUGntWt2v64E6EbD4AetZk+hNJpgudOOPsKTovcMi/i7I4V0qD7WXSF4tvkZUoac0jwA==}
    engines: {node: '>= 12.0.0'}
    dependencies:
      '@mischnic/json-sourcemap': 0.1.0
      nullthrows: 1.1.1
    dev: true

  /@parcel/events@2.5.0:
    resolution: {integrity: sha512-Gc2LPwL1H34Ony5MENbKZg7wvCscZ4x9y7Fu92sfbdWpLo3K13hVtsX3TMIIgYt3B7R7OmO8yR880U2T+JfVkQ==}
    engines: {node: '>= 12.0.0'}
    dev: true

  /@parcel/events@2.9.3:
    resolution: {integrity: sha512-K0Scx+Bx9f9p1vuShMzNwIgiaZUkxEnexaKYHYemJrM7pMAqxIuIqhnvwurRCsZOVLUJPDDNJ626cWTc5vIq+A==}
    engines: {node: '>= 12.0.0'}
    dev: true

  /@parcel/fs-search@2.5.0:
    resolution: {integrity: sha512-uBONkz9ZCNSOqbPGWJY3MNl+pqBTfvzHH9+4UhzHEHPArvK2oD0+syYPVE60+zGrxybXTESYMCJp4bHvH6Z2hA==}
    engines: {node: '>= 12.0.0'}
    dependencies:
      detect-libc: 1.0.3
    dev: true

  /@parcel/fs-search@2.9.3:
    resolution: {integrity: sha512-nsNz3bsOpwS+jphcd+XjZL3F3PDq9lik0O8HPm5f6LYkqKWT+u/kgQzA8OkAHCR3q96LGiHxUywHPEBc27vI4Q==}
    engines: {node: '>= 12.0.0'}
    dev: true

  /@parcel/fs@2.5.0(@parcel/core@2.9.3):
    resolution: {integrity: sha512-YYr14BWtx/bJ+hu6PPQQ6G/3omOTWgVqEw+UFI3iQH3P6+e0LRXW/Ja1yAcJeepGcTwIP0opnXZBQOm8PBQ2SA==}
    engines: {node: '>= 12.0.0'}
    peerDependencies:
      '@parcel/core': ^2.5.0
    dependencies:
      '@parcel/core': 2.9.3
      '@parcel/fs-search': 2.5.0
      '@parcel/types': 2.5.0(@parcel/core@2.9.3)
      '@parcel/utils': 2.5.0
      '@parcel/watcher': 2.0.5
      '@parcel/workers': 2.5.0(@parcel/core@2.9.3)
    dev: true

  /@parcel/fs@2.9.3(@parcel/core@2.9.3):
    resolution: {integrity: sha512-/PrRKgCRw22G7rNPSpgN3Q+i2nIkZWuvIOAdMG4KWXC4XLp8C9jarNaWd5QEQ75amjhQSl3oUzABzkdCtkKrgg==}
    engines: {node: '>= 12.0.0'}
    peerDependencies:
      '@parcel/core': ^2.9.3
    dependencies:
      '@parcel/core': 2.9.3
      '@parcel/fs-search': 2.9.3
      '@parcel/types': 2.9.3(@parcel/core@2.9.3)
      '@parcel/utils': 2.9.3
      '@parcel/watcher': 2.2.0
      '@parcel/workers': 2.9.3(@parcel/core@2.9.3)
    dev: true

  /@parcel/graph@2.9.3:
    resolution: {integrity: sha512-3LmRJmF8+OprAr6zJT3X2s8WAhLKkrhi6RsFlMWHifGU5ED1PFcJWFbOwJvSjcAhMQJP0fErcFIK1Ludv3Vm3g==}
    engines: {node: '>= 12.0.0'}
    dependencies:
      nullthrows: 1.1.1
    dev: true

  /@parcel/hash@2.5.0:
    resolution: {integrity: sha512-47JL0XpB7UvIW6Ijf8vv+yVMt9dLvB/lRlBHFmAkmovisueVMVbYD7smxVZnCSehD8UH8BcymKbMzyL5dimgoQ==}
    engines: {node: '>= 12.0.0'}
    dependencies:
      detect-libc: 1.0.3
      xxhash-wasm: 0.4.2
    dev: true

  /@parcel/hash@2.9.3:
    resolution: {integrity: sha512-qlH5B85XLzVAeijgKPjm1gQu35LoRYX/8igsjnN8vOlbc3O8BYAUIutU58fbHbtE8MJPbxQQUw7tkTjeoujcQQ==}
    engines: {node: '>= 12.0.0'}
    dependencies:
      xxhash-wasm: 0.4.2
    dev: true

  /@parcel/logger@2.5.0:
    resolution: {integrity: sha512-pT1L3ceH6trL1N3I3r2HawPjz/PCubOo/Kazu7IeXsMsKVjj1a6AeieZHzkNZIbhiGPtm/cHbBNLz2zTWDLeOA==}
    engines: {node: '>= 12.0.0'}
    dependencies:
      '@parcel/diagnostic': 2.5.0
      '@parcel/events': 2.5.0
    dev: true

  /@parcel/logger@2.9.3:
    resolution: {integrity: sha512-5FNBszcV6ilGFcijEOvoNVG6IUJGsnMiaEnGQs7Fvc1dktTjEddnoQbIYhcSZL63wEmzBZOgkT5yDMajJ/41jw==}
    engines: {node: '>= 12.0.0'}
    dependencies:
      '@parcel/diagnostic': 2.9.3
      '@parcel/events': 2.9.3
    dev: true

  /@parcel/markdown-ansi@2.5.0:
    resolution: {integrity: sha512-ixkNF3KWIqxMlfxTe9Gb2cp/uNmklQev8VEUxujMVxmUfGyQs4859zdJIQlIinabWYhArhsXATkVf3MzCUN6TQ==}
    engines: {node: '>= 12.0.0'}
    dependencies:
      chalk: 4.1.2
    dev: true

  /@parcel/markdown-ansi@2.9.3:
    resolution: {integrity: sha512-/Q4X8F2aN8UNjAJrQ5NfK2OmZf6shry9DqetUSEndQ0fHonk78WKt6LT0zSKEBEW/bB/bXk6mNMsCup6L8ibjQ==}
    engines: {node: '>= 12.0.0'}
    dependencies:
      chalk: 4.1.2
    dev: true

  /@parcel/node-resolver-core@3.0.3(@parcel/core@2.9.3):
    resolution: {integrity: sha512-AjxNcZVHHJoNT/A99PKIdFtwvoze8PAiC3yz8E/dRggrDIOboUEodeQYV5Aq++aK76uz/iOP0tST2T8A5rhb1A==}
    engines: {node: '>= 12.0.0'}
    dependencies:
      '@mischnic/json-sourcemap': 0.1.0
      '@parcel/diagnostic': 2.9.3
      '@parcel/fs': 2.9.3(@parcel/core@2.9.3)
      '@parcel/utils': 2.9.3
      nullthrows: 1.1.1
      semver: 7.5.4
    transitivePeerDependencies:
      - '@parcel/core'
    dev: true

  /@parcel/optimizer-data-url@2.5.0(@parcel/core@2.9.3):
    resolution: {integrity: sha512-Aka7fh+3gWNHdPDwDOiDAu3aY07tbAIN8HPe3X4KOdePzCDcg35WQffFQEySmsfAXOEn0rqurGfOPC2pY34jFg==}
    engines: {node: '>= 12.0.0', parcel: ^2.5.0}
    dependencies:
      '@parcel/plugin': 2.5.0(@parcel/core@2.9.3)
      '@parcel/utils': 2.5.0
      isbinaryfile: 4.0.10
      mime: 2.6.0
    transitivePeerDependencies:
      - '@parcel/core'
    dev: true

  /@parcel/package-manager@2.5.0(@parcel/core@2.9.3):
    resolution: {integrity: sha512-zTuF55/lITUjw9dUU/X0HiF++589xbPXw/zUiG9T6s8BQThLvrxAhYP89S719pw7cTqDimGkTxnIuK+a0djEkg==}
    engines: {node: '>= 12.0.0'}
    peerDependencies:
      '@parcel/core': ^2.5.0
    dependencies:
      '@parcel/core': 2.9.3
      '@parcel/diagnostic': 2.5.0
      '@parcel/fs': 2.5.0(@parcel/core@2.9.3)
      '@parcel/logger': 2.5.0
      '@parcel/types': 2.5.0(@parcel/core@2.9.3)
      '@parcel/utils': 2.5.0
      '@parcel/workers': 2.5.0(@parcel/core@2.9.3)
      semver: 5.7.1
    dev: true

  /@parcel/package-manager@2.9.3(@parcel/core@2.9.3):
    resolution: {integrity: sha512-NH6omcNTEupDmW4Lm1e4NUYBjdqkURxgZ4CNESESInHJe6tblVhNB8Rpr1ar7zDar7cly9ILr8P6N3Ei7bTEjg==}
    engines: {node: '>= 12.0.0'}
    peerDependencies:
      '@parcel/core': ^2.9.3
    dependencies:
      '@parcel/core': 2.9.3
      '@parcel/diagnostic': 2.9.3
      '@parcel/fs': 2.9.3(@parcel/core@2.9.3)
      '@parcel/logger': 2.9.3
      '@parcel/node-resolver-core': 3.0.3(@parcel/core@2.9.3)
      '@parcel/types': 2.9.3(@parcel/core@2.9.3)
      '@parcel/utils': 2.9.3
      '@parcel/workers': 2.9.3(@parcel/core@2.9.3)
      semver: 7.5.4
    dev: true

  /@parcel/plugin@2.5.0(@parcel/core@2.9.3):
    resolution: {integrity: sha512-obtb6/Gql6YFQ86bdv75A2Noabx8679reFZeyfKKf0L7Lppx4DFQetXwM9XVy7Gx6hJ1Ekm3UMuuIyVJk33YHQ==}
    engines: {node: '>= 12.0.0'}
    dependencies:
      '@parcel/types': 2.5.0(@parcel/core@2.9.3)
    transitivePeerDependencies:
      - '@parcel/core'
    dev: true

  /@parcel/plugin@2.9.3(@parcel/core@2.9.3):
    resolution: {integrity: sha512-qN85Gqr2GMuxX1dT1mnuO9hOcvlEv1lrYrCxn7CJN2nUhbwcfG+LEvcrCzCOJ6XtIHm+ZBV9h9p7FfoPLvpw+g==}
    engines: {node: '>= 12.0.0'}
    dependencies:
      '@parcel/types': 2.9.3(@parcel/core@2.9.3)
    transitivePeerDependencies:
      - '@parcel/core'
    dev: true

  /@parcel/profiler@2.9.3:
    resolution: {integrity: sha512-pyHc9lw8VZDfgZoeZWZU9J0CVEv1Zw9O5+e0DJPDPHuXJYr72ZAOhbljtU3owWKAeW+++Q2AZWkbUGEOjI/e6g==}
    engines: {node: '>= 12.0.0'}
    dependencies:
      '@parcel/diagnostic': 2.9.3
      '@parcel/events': 2.9.3
      chrome-trace-event: 1.0.3
    dev: true

  /@parcel/source-map@2.0.2:
    resolution: {integrity: sha512-NnUrPYLpYB6qyx2v6bcRPn/gVigmGG6M6xL8wIg/i0dP1GLkuY1nf+Hqdf63FzPTqqT7K3k6eE5yHPQVMO5jcA==}
    engines: {node: ^12.18.3 || >=14}
    dependencies:
      detect-libc: 1.0.3
    dev: true

  /@parcel/source-map@2.1.1:
    resolution: {integrity: sha512-Ejx1P/mj+kMjQb8/y5XxDUn4reGdr+WyKYloBljpppUy8gs42T+BNoEOuRYqDVdgPc6NxduzIDoJS9pOFfV5Ew==}
    engines: {node: ^12.18.3 || >=14}
    dependencies:
      detect-libc: 1.0.3
    dev: true

  /@parcel/types@2.5.0(@parcel/core@2.9.3):
    resolution: {integrity: sha512-bA0fhG6aXSGYEVo5Dt96x6lseUQHeVZVzgmiRdZsvb614Gvx22ItfaKhPmAVbM9vzbObZDHl9l9G2Ovw8Xve4g==}
    dependencies:
      '@parcel/cache': 2.5.0(@parcel/core@2.9.3)
      '@parcel/diagnostic': 2.5.0
      '@parcel/fs': 2.5.0(@parcel/core@2.9.3)
      '@parcel/package-manager': 2.5.0(@parcel/core@2.9.3)
      '@parcel/source-map': 2.0.2
      '@parcel/workers': 2.5.0(@parcel/core@2.9.3)
      utility-types: 3.10.0
    transitivePeerDependencies:
      - '@parcel/core'
    dev: true

  /@parcel/types@2.9.3(@parcel/core@2.9.3):
    resolution: {integrity: sha512-NSNY8sYtRhvF1SqhnIGgGvJocyWt1K8Tnw5cVepm0g38ywtX6mwkBvMkmeehXkII4mSUn+frD9wGsydTunezvA==}
    dependencies:
      '@parcel/cache': 2.9.3(@parcel/core@2.9.3)
      '@parcel/diagnostic': 2.9.3
      '@parcel/fs': 2.9.3(@parcel/core@2.9.3)
      '@parcel/package-manager': 2.9.3(@parcel/core@2.9.3)
      '@parcel/source-map': 2.1.1
      '@parcel/workers': 2.9.3(@parcel/core@2.9.3)
      utility-types: 3.10.0
    transitivePeerDependencies:
      - '@parcel/core'
    dev: true

  /@parcel/utils@2.5.0:
    resolution: {integrity: sha512-kaLGXtQuOOH55KZqXdYDvczhh3mk2eeTVqrrXuuihGjbLKYFlUW2tFDm+5r2s9nCPwTQxOO43ZEOCKSnia+e4w==}
    engines: {node: '>= 12.0.0'}
    dependencies:
      '@parcel/codeframe': 2.5.0
      '@parcel/diagnostic': 2.5.0
      '@parcel/hash': 2.5.0
      '@parcel/logger': 2.5.0
      '@parcel/markdown-ansi': 2.5.0
      '@parcel/source-map': 2.0.2
      chalk: 4.1.2
    dev: true

  /@parcel/utils@2.9.3:
    resolution: {integrity: sha512-cesanjtj/oLehW8Waq9JFPmAImhoiHX03ihc3JTWkrvJYSbD7wYKCDgPAM3JiRAqvh1LZ6P699uITrYWNoRLUg==}
    engines: {node: '>= 12.0.0'}
    dependencies:
      '@parcel/codeframe': 2.9.3
      '@parcel/diagnostic': 2.9.3
      '@parcel/hash': 2.9.3
      '@parcel/logger': 2.9.3
      '@parcel/markdown-ansi': 2.9.3
      '@parcel/source-map': 2.1.1
      chalk: 4.1.2
      nullthrows: 1.1.1
    dev: true

  /@parcel/watcher-android-arm64@2.2.0:
    resolution: {integrity: sha512-nU2wh00CTQT9rr1TIKTjdQ9lAGYpmz6XuKw0nAwAN+S2A5YiD55BK1u+E5WMCT8YOIDe/n6gaj4o/Bi9294SSQ==}
    engines: {node: '>= 10.0.0'}
    cpu: [arm64]
    os: [android]
    requiresBuild: true
    dev: true
    optional: true

  /@parcel/watcher-darwin-arm64@2.2.0:
    resolution: {integrity: sha512-cJl0UZDcodciy3TDMomoK/Huxpjlkkim3SyMgWzjovHGOZKNce9guLz2dzuFwfObBFCjfznbFMIvAZ5syXotYw==}
    engines: {node: '>= 10.0.0'}
    cpu: [arm64]
    os: [darwin]
    requiresBuild: true
    dev: true
    optional: true

  /@parcel/watcher-darwin-x64@2.2.0:
    resolution: {integrity: sha512-QI77zxaGrCV1StKcoRYfsUfmUmvPMPfQrubkBBy5XujV2fwaLgZivQOTQMBgp5K2+E19u1ufpspKXAPqSzpbyg==}
    engines: {node: '>= 10.0.0'}
    cpu: [x64]
    os: [darwin]
    requiresBuild: true
    dev: true
    optional: true

  /@parcel/watcher-linux-arm-glibc@2.2.0:
    resolution: {integrity: sha512-I2GPBcAXazPzabCmfsa3HRRW+MGlqxYd8g8RIueJU+a4o5nyNZDz0CR1cu0INT0QSQXEZV7w6UE8Hz9CF8u3Pg==}
    engines: {node: '>= 10.0.0'}
    cpu: [arm]
    os: [linux]
    requiresBuild: true
    dev: true
    optional: true

  /@parcel/watcher-linux-arm64-glibc@2.2.0:
    resolution: {integrity: sha512-St5mlfp+2lS9AmgixUqfwJa/DwVmTCJxC1HcOubUTz6YFOKIlkHCeUa1Bxi4E/tR/HSez8+heXHL8HQkJ4Bd8g==}
    engines: {node: '>= 10.0.0'}
    cpu: [arm64]
    os: [linux]
    requiresBuild: true
    dev: true
    optional: true

  /@parcel/watcher-linux-arm64-musl@2.2.0:
    resolution: {integrity: sha512-jS+qfhhoOBVWwMLP65MaG8xdInMK30pPW8wqTCg2AAuVJh5xepMbzkhHJ4zURqHiyY3EiIRuYu4ONJKCxt8iqA==}
    engines: {node: '>= 10.0.0'}
    cpu: [arm64]
    os: [linux]
    requiresBuild: true
    dev: true
    optional: true

  /@parcel/watcher-linux-x64-glibc@2.2.0:
    resolution: {integrity: sha512-xJvJ7R2wJdi47WZBFS691RDOWvP1j/IAs3EXaWVhDI8FFITbWrWaln7KoNcR0Y3T+ZwimFY/cfb0PNht1q895g==}
    engines: {node: '>= 10.0.0'}
    cpu: [x64]
    os: [linux]
    requiresBuild: true
    dev: true
    optional: true

  /@parcel/watcher-linux-x64-musl@2.2.0:
    resolution: {integrity: sha512-D+NMpgr23a+RI5mu8ZPKWy7AqjBOkURFDgP5iIXXEf/K3hm0jJ3ogzi0Ed2237B/CdYREimCgXyeiAlE/FtwyA==}
    engines: {node: '>= 10.0.0'}
    cpu: [x64]
    os: [linux]
    requiresBuild: true
    dev: true
    optional: true

  /@parcel/watcher-win32-arm64@2.2.0:
    resolution: {integrity: sha512-z225cPn3aygJsyVUOWwfyW+fY0Tvk7N3XCOl66qUPFxpbuXeZuiuuJemmtm8vxyqa3Ur7peU/qJxrpC64aeI7Q==}
    engines: {node: '>= 10.0.0'}
    cpu: [arm64]
    os: [win32]
    requiresBuild: true
    dev: true
    optional: true

  /@parcel/watcher-win32-x64@2.2.0:
    resolution: {integrity: sha512-JqGW0RJ61BkKx+yYzIURt9s53P7xMVbv0uxYPzAXLBINGaFmkIKSuUPyBVfy8TMbvp93lvF4SPBNDzVRJfvgOw==}
    engines: {node: '>= 10.0.0'}
    cpu: [x64]
    os: [win32]
    requiresBuild: true
    dev: true
    optional: true

  /@parcel/watcher@2.0.5:
    resolution: {integrity: sha512-x0hUbjv891omnkcHD7ZOhiyyUqUUR6MNjq89JhEI3BxppeKWAm6NPQsqqRrAkCJBogdT/o/My21sXtTI9rJIsw==}
    engines: {node: '>= 10.0.0'}
    requiresBuild: true
    dependencies:
      node-addon-api: 3.2.1
      node-gyp-build: 4.4.0
    dev: true

  /@parcel/watcher@2.2.0:
    resolution: {integrity: sha512-71S4TF+IMyAn24PK4KSkdKtqJDR3zRzb0HE3yXpacItqTM7XfF2f5q9NEGLEVl0dAaBAGfNwDCjH120y25F6Tg==}
    engines: {node: '>= 10.0.0'}
    dependencies:
      detect-libc: 1.0.3
      is-glob: 4.0.3
      micromatch: 4.0.5
      node-addon-api: 7.0.0
    optionalDependencies:
      '@parcel/watcher-android-arm64': 2.2.0
      '@parcel/watcher-darwin-arm64': 2.2.0
      '@parcel/watcher-darwin-x64': 2.2.0
      '@parcel/watcher-linux-arm-glibc': 2.2.0
      '@parcel/watcher-linux-arm64-glibc': 2.2.0
      '@parcel/watcher-linux-arm64-musl': 2.2.0
      '@parcel/watcher-linux-x64-glibc': 2.2.0
      '@parcel/watcher-linux-x64-musl': 2.2.0
      '@parcel/watcher-win32-arm64': 2.2.0
      '@parcel/watcher-win32-x64': 2.2.0
    dev: true

  /@parcel/workers@2.5.0(@parcel/core@2.9.3):
    resolution: {integrity: sha512-/Ow5OKJWs+9OzV3Jy4J++VnbNx0j3ls/M1CGVBLiBWyCada9DMtquYoBQ4Sk6Uam50BKkIFYetGOeXPNQyyMjg==}
    engines: {node: '>= 12.0.0'}
    peerDependencies:
      '@parcel/core': ^2.5.0
    dependencies:
      '@parcel/core': 2.9.3
      '@parcel/diagnostic': 2.5.0
      '@parcel/logger': 2.5.0
      '@parcel/types': 2.5.0(@parcel/core@2.9.3)
      '@parcel/utils': 2.5.0
      chrome-trace-event: 1.0.3
      nullthrows: 1.1.1
    dev: true

  /@parcel/workers@2.9.3(@parcel/core@2.9.3):
    resolution: {integrity: sha512-zRrDuZJzTevrrwElYosFztgldhqW6G9q5zOeQXfVQFkkEJCNfg36ixeiofKRU8uu2x+j+T6216mhMNB6HiuY+w==}
    engines: {node: '>= 12.0.0'}
    peerDependencies:
      '@parcel/core': ^2.9.3
    dependencies:
      '@parcel/core': 2.9.3
      '@parcel/diagnostic': 2.9.3
      '@parcel/logger': 2.9.3
      '@parcel/profiler': 2.9.3
      '@parcel/types': 2.9.3(@parcel/core@2.9.3)
      '@parcel/utils': 2.9.3
      nullthrows: 1.1.1
    dev: true

  /abortcontroller-polyfill@1.7.5:
    resolution: {integrity: sha512-JMJ5soJWP18htbbxJjG7bG6yuI6pRhgJ0scHHTfkUjf6wjP912xZWvM+A4sJK3gqd9E8fcPbDnOefbA9Th/FIQ==}
    dev: true

  /ansi-styles@4.3.0:
    resolution: {integrity: sha512-zbB9rCJAT1rbjiVDb2hqKFHNYLxgtk8NURxZ3IZwD3F6NtxbXZQCnnSi1Lkx+IDohdPlFp222wVALIheZJQSEg==}
    engines: {node: '>=8'}
    dependencies:
      color-convert: 2.0.1
    dev: true

  /base-x@3.0.9:
    resolution: {integrity: sha512-H7JU6iBHTal1gp56aKoaa//YUxEaAOUiydvrV/pILqIHXTtqxSkATOnDA2u+jZ/61sD+L/412+7kzXRtWukhpQ==}
    dependencies:
      safe-buffer: 5.2.1
    dev: true

  /braces@3.0.2:
    resolution: {integrity: sha512-b8um+L1RzM3WDSzvhm6gIz1yfTbBt6YTlcEKAvsmqCZZFw46z626lVj9j1yEPW33H5H+lBQpZMP1k8l+78Ha0A==}
    engines: {node: '>=8'}
    dependencies:
      fill-range: 7.0.1
    dev: true

  /browserslist@4.21.10:
    resolution: {integrity: sha512-bipEBdZfVH5/pwrvqc+Ub0kUPVfGUhlKxbvfD+z1BDnPEO/X98ruXGA1WP5ASpAFKan7Qr6j736IacbZQuAlKQ==}
    engines: {node: ^6 || ^7 || ^8 || ^9 || ^10 || ^11 || ^12 || >=13.7}
    hasBin: true
    dependencies:
      caniuse-lite: 1.0.30001519
      electron-to-chromium: 1.4.482
      node-releases: 2.0.13
      update-browserslist-db: 1.0.11(browserslist@4.21.10)
    dev: true

  /caniuse-lite@1.0.30001519:
    resolution: {integrity: sha512-0QHgqR+Jv4bxHMp8kZ1Kn8CH55OikjKJ6JmKkZYP1F3D7w+lnFXF70nG5eNfsZS89jadi5Ywy5UCSKLAglIRkg==}
    dev: true

  /chalk@4.1.2:
    resolution: {integrity: sha512-oKnbhFyRIXpUuez8iBMmyEa4nbj4IOQyuhc/wy9kY7/WVPcwIO9VA668Pu8RkO7+0G76SLROeyw9CpQ061i4mA==}
    engines: {node: '>=10'}
    dependencies:
      ansi-styles: 4.3.0
      supports-color: 7.2.0
    dev: true

  /chrome-trace-event@1.0.3:
    resolution: {integrity: sha512-p3KULyQg4S7NIHixdwbGX+nFHkoBiA4YQmyWtjb8XngSKV124nJmRysgAeujbUVb15vh+RvFUfCPqU7rXk+hZg==}
    engines: {node: '>=6.0'}
    dev: true

  /clone@2.1.2:
    resolution: {integrity: sha512-3Pe/CF1Nn94hyhIYpjtiLhdCoEoz0DqQ+988E9gmeEdQZlojxnOb74wctFyuwWQHzqyf9X7C7MG8juUpqBJT8w==}
    engines: {node: '>=0.8'}
    dev: true

  /color-convert@2.0.1:
    resolution: {integrity: sha512-RRECPsj7iu/xb5oKYcsFHSppFNnsj/52OVTRKb4zP5onXwVF3zVmmToNcOfGC+CRDpfK/U584fMg38ZHCaElKQ==}
    engines: {node: '>=7.0.0'}
    dependencies:
      color-name: 1.1.4
    dev: true

  /color-name@1.1.4:
    resolution: {integrity: sha512-dOy+3AuW3a2wNbZHIuMZpTcgjGuLU/uBL/ubcZF9OXbDo8ff4O8yVp5Bf0efS8uEoYo5q4Fx7dY9OgQGXgAsQA==}
    dev: true

  /detect-libc@1.0.3:
    resolution: {integrity: sha1-+hN8S9aY7fVc1c0CrFWfkaTEups=}
    engines: {node: '>=0.10'}
    hasBin: true
    dev: true

  /dotenv-expand@5.1.0:
    resolution: {integrity: sha512-YXQl1DSa4/PQyRfgrv6aoNjhasp/p4qs9FjJ4q4cQk+8m4r6k4ZSiEyytKG8f8W9gi8WsQtIObNmKd+tMzNTmA==}
    dev: true

  /dotenv@7.0.0:
    resolution: {integrity: sha512-M3NhsLbV1i6HuGzBUH8vXrtxOk+tWmzWKDMbAVSUp3Zsjm7ywFeuwrUXhmhQyRK1q5B5GGy7hcXPbj3bnfZg2g==}
    engines: {node: '>=6'}
    dev: true

  /electron-to-chromium@1.4.482:
    resolution: {integrity: sha512-h+UqpfmEr1Qkk0zp7ej/jid7CXoq4m4QzW6wNTb0ELJ/BZCpA4wgUylBIMGCe621tnr4l5VmoHjdoSx2lbnNJA==}
    dev: true

  /escalade@3.1.1:
    resolution: {integrity: sha512-k0er2gUkLf8O0zKJiAhmkTnJlTvINGv7ygDNPbeIsX/TJjGJZHuh9B2UxbsaEkmlEo9MfhrSzmhIlhRlI2GXnw==}
    engines: {node: '>=6'}
    dev: true

  /fill-range@7.0.1:
    resolution: {integrity: sha512-qOo9F+dMUmC2Lcb4BbVvnKJxTPjCm+RRpe4gDuGrzkL7mEVl/djYSu2OdQ2Pa302N4oqkSg9ir6jaLWJ2USVpQ==}
    engines: {node: '>=8'}
    dependencies:
      to-regex-range: 5.0.1
    dev: true

  /has-flag@4.0.0:
    resolution: {integrity: sha512-EykJT/Q1KjTWctppgIAgfSO0tKVuZUjhgMr17kqTumMl6Afv3EISleU7qZUzoXDFTAHTDC4NOoG/ZxU3EvlMPQ==}
    engines: {node: '>=8'}
    dev: true

  /is-extglob@2.1.1:
    resolution: {integrity: sha512-SbKbANkN603Vi4jEZv49LeVJMn4yGwsbzZworEoyEiutsN3nJYdbO36zfhGJ6QEDpOZIFkDtnq5JRxmvl3jsoQ==}
    engines: {node: '>=0.10.0'}
    dev: true

  /is-glob@4.0.3:
    resolution: {integrity: sha512-xelSayHH36ZgE7ZWhli7pW34hNbNl8Ojv5KVmkJD4hBdD3th8Tfk9vYasLM+mXWOZhFkgZfxhLSnrwRr4elSSg==}
    engines: {node: '>=0.10.0'}
    dependencies:
      is-extglob: 2.1.1
    dev: true

  /is-number@7.0.0:
    resolution: {integrity: sha512-41Cifkg6e8TylSpdtTpeLVMqvSBEVzTttHvERD741+pnZ8ANv0004MRL43QKPDlK9cGvNp6NZWZUBlbGXYxxng==}
    engines: {node: '>=0.12.0'}
    dev: true

  /isbinaryfile@4.0.10:
    resolution: {integrity: sha512-iHrqe5shvBUcFbmZq9zOQHBoeOhZJu6RQGrDpBgenUm/Am+F3JM2MgQj+rK3Z601fzrL5gLZWtAPH2OBaSVcyw==}
    engines: {node: '>= 8.0.0'}
    dev: true

  /json5@2.2.3:
    resolution: {integrity: sha512-XmOWe7eyHYH14cLdVPoyg+GOH3rYX++KpzrylJwSW98t3Nk+U8XOl8FWKOgwtzdb8lXGf6zYwDUzeHMWfxasyg==}
    engines: {node: '>=6'}
    hasBin: true
    dev: true

  /lmdb@2.2.4:
    resolution: {integrity: sha512-gto+BB2uEob8qRiTlOq+R3uX0YNHsX9mjxj9Sbdue/LIKqu6IlZjrsjKeGyOMquc/474GEqFyX2pdytpydp0rQ==}
    requiresBuild: true
    dependencies:
      msgpackr: 1.5.7
      nan: 2.15.0
      node-gyp-build: 4.4.0
      ordered-binary: 1.2.5
      weak-lru-cache: 1.2.2
    dev: true

  /lmdb@2.7.11:
    resolution: {integrity: sha512-x9bD4hVp7PFLUoELL8RglbNXhAMt5CYhkmss+CEau9KlNoilsTzNi9QDsPZb3KMpOGZXG6jmXhW3bBxE2XVztw==}
    hasBin: true
    requiresBuild: true
    dependencies:
      msgpackr: 1.8.5
      node-addon-api: 4.3.0
      node-gyp-build-optional-packages: 5.0.6
      ordered-binary: 1.4.1
      weak-lru-cache: 1.2.2
    optionalDependencies:
      '@lmdb/lmdb-darwin-arm64': 2.7.11
      '@lmdb/lmdb-darwin-x64': 2.7.11
      '@lmdb/lmdb-linux-arm': 2.7.11
      '@lmdb/lmdb-linux-arm64': 2.7.11
      '@lmdb/lmdb-linux-x64': 2.7.11
      '@lmdb/lmdb-win32-x64': 2.7.11
    dev: true

  /lru-cache@6.0.0:
    resolution: {integrity: sha512-Jo6dJ04CmSjuznwJSS3pUeWmd/H0ffTlkXXgwZi+eq1UCmqQwCh+eLsYOYCwY991i2Fah4h1BEMCx4qThGbsiA==}
    engines: {node: '>=10'}
    dependencies:
      yallist: 4.0.0
    dev: true

  /micromatch@4.0.5:
    resolution: {integrity: sha512-DMy+ERcEW2q8Z2Po+WNXuw3c5YaUSFjAO5GsJqfEl7UjvtIuFKO6ZrKvcItdy98dwFI2N1tg3zNIdKaQT+aNdA==}
    engines: {node: '>=8.6'}
    dependencies:
      braces: 3.0.2
      picomatch: 2.3.1
    dev: true

  /mime@2.6.0:
    resolution: {integrity: sha512-USPkMeET31rOMiarsBNIHZKLGgvKc/LrjofAnBlOttf5ajRvqiRA8QsenbcooctK6d6Ts6aqZXBA+XbkKthiQg==}
    engines: {node: '>=4.0.0'}
    hasBin: true
    dev: true

  /msgpackr-extract-darwin-arm64@1.1.0:
    resolution: {integrity: sha512-s1kHoT12tS2cCQOv+Wl3I+/cYNJXBPtwQqGA+dPYoXmchhXiE0Nso+BIfvQ5PxbmAyjj54Q5o7PnLTqVquNfZA==}
    cpu: [arm64]
    os: [darwin]
    requiresBuild: true
    dev: true
    optional: true

  /msgpackr-extract-darwin-x64@1.1.0:
    resolution: {integrity: sha512-yx/H/i12IKg4eWGu/eKdKzJD4jaYvvujQSaVmeOMCesbSQnWo5X6YR9TFjoiNoU9Aexk1KufzL9gW+1DozG1yw==}
    cpu: [x64]
    os: [darwin]
    requiresBuild: true
    dev: true
    optional: true

  /msgpackr-extract-linux-arm64@1.1.0:
    resolution: {integrity: sha512-AxFle3fHNwz2V4CYDIGFxI6o/ZuI0lBKg0uHI8EcCMUmDE5mVAUWYge5WXmORVvb8sVWyVgFlmi3MTu4Ve6tNQ==}
    cpu: [arm64]
    os: [linux]
    requiresBuild: true
    dev: true
    optional: true

  /msgpackr-extract-linux-arm@1.1.0:
    resolution: {integrity: sha512-0VvSCqi12xpavxl14gMrauwIzHqHbmSChUijy/uo3mpjB1Pk4vlisKpZsaOZvNJyNKj0ACi5jYtbWnnOd7hYGw==}
    cpu: [arm]
    os: [linux]
    requiresBuild: true
    dev: true
    optional: true

  /msgpackr-extract-linux-x64@1.1.0:
    resolution: {integrity: sha512-O+XoyNFWpdB8oQL6O/YyzffPpmG5rTNrr1nKLW70HD2ENJUhcITzbV7eZimHPzkn8LAGls1tBaMTHQezTBpFOw==}
    cpu: [x64]
    os: [linux]
    requiresBuild: true
    dev: true
    optional: true

  /msgpackr-extract-win32-x64@1.1.0:
    resolution: {integrity: sha512-6AJdM5rNsL4yrskRfhujVSPEd6IBpgvsnIT/TPowKNLQ62iIdryizPY2PJNFiW3AJcY249AHEiDBXS1cTDPxzA==}
    cpu: [x64]
    os: [win32]
    requiresBuild: true
    dev: true
    optional: true

  /msgpackr-extract@1.1.4:
    resolution: {integrity: sha512-WQbHvsThprXh+EqZYy+SQFEs7z6bNM7a0vgirwUfwUcphWGT2mdPcpyLCNiRsN6w5q5VKJUMblHY+tNEyceb9Q==}
    requiresBuild: true
    dependencies:
      node-gyp-build-optional-packages: 4.3.2
    optionalDependencies:
      msgpackr-extract-darwin-arm64: 1.1.0
      msgpackr-extract-darwin-x64: 1.1.0
      msgpackr-extract-linux-arm: 1.1.0
      msgpackr-extract-linux-arm64: 1.1.0
      msgpackr-extract-linux-x64: 1.1.0
      msgpackr-extract-win32-x64: 1.1.0
    dev: true
    optional: true

  /msgpackr-extract@3.0.2:
    resolution: {integrity: sha512-SdzXp4kD/Qf8agZ9+iTu6eql0m3kWm1A2y1hkpTeVNENutaB0BwHlSvAIaMxwntmRUAUjon2V4L8Z/njd0Ct8A==}
    hasBin: true
    requiresBuild: true
    dependencies:
      node-gyp-build-optional-packages: 5.0.7
    optionalDependencies:
      '@msgpackr-extract/msgpackr-extract-darwin-arm64': 3.0.2
      '@msgpackr-extract/msgpackr-extract-darwin-x64': 3.0.2
      '@msgpackr-extract/msgpackr-extract-linux-arm': 3.0.2
      '@msgpackr-extract/msgpackr-extract-linux-arm64': 3.0.2
      '@msgpackr-extract/msgpackr-extract-linux-x64': 3.0.2
      '@msgpackr-extract/msgpackr-extract-win32-x64': 3.0.2
    dev: true
    optional: true

  /msgpackr@1.5.7:
    resolution: {integrity: sha512-Hsa80i8W4BiObSMHslfnwC+CC1CYHZzoXJZn0+3EvoCEOgt3c5QlXhdcjgFk2aZxMgpV8aUFZqJyQUCIp4UrzA==}
    optionalDependencies:
      msgpackr-extract: 1.1.4
    dev: true

  /msgpackr@1.8.5:
    resolution: {integrity: sha512-mpPs3qqTug6ahbblkThoUY2DQdNXcm4IapwOS3Vm/87vmpzLVelvp9h3It1y9l1VPpiFLV11vfOXnmeEwiIXwg==}
    optionalDependencies:
      msgpackr-extract: 3.0.2
    dev: true

  /nan@2.15.0:
    resolution: {integrity: sha512-8ZtvEnA2c5aYCZYd1cvgdnU6cqwixRoYg70xPLWUws5ORTa/lnw+u4amixRS/Ac5U5mQVgp9pnlSUnbNWFaWZQ==}
    dev: true

  /node-addon-api@3.2.1:
    resolution: {integrity: sha512-mmcei9JghVNDYydghQmeDX8KoAm0FAiYyIcUt/N4nhyAipB17pllZQDOJD2fotxABnt4Mdz+dKTO7eftLg4d0A==}
    dev: true

  /node-addon-api@4.3.0:
    resolution: {integrity: sha512-73sE9+3UaLYYFmDsFZnqCInzPyh3MqIwZO9cw58yIqAZhONrrabrYyYe3TuIqtIiOuTXVhsGau8hcrhhwSsDIQ==}
    dev: true

  /node-addon-api@7.0.0:
    resolution: {integrity: sha512-vgbBJTS4m5/KkE16t5Ly0WW9hz46swAstv0hYYwMtbG7AznRhNyfLRe8HZAiWIpcHzoO7HxhLuBQj9rJ/Ho0ZA==}
    dev: true

  /node-gyp-build-optional-packages@4.3.2:
    resolution: {integrity: sha512-P5Ep3ISdmwcCkZIaBaQamQtWAG0facC89phWZgi5Z3hBU//J6S48OIvyZWSPPf6yQMklLZiqoosWAZUj7N+esA==}
    hasBin: true
    dev: true
    optional: true

  /node-gyp-build-optional-packages@5.0.6:
    resolution: {integrity: sha512-2ZJErHG4du9G3/8IWl/l9Bp5BBFy63rno5GVmjQijvTuUZKsl6g8RB4KH/x3NLcV5ZBb4GsXmAuTYr6dRml3Gw==}
    hasBin: true
    dev: true

  /node-gyp-build-optional-packages@5.0.7:
    resolution: {integrity: sha512-YlCCc6Wffkx0kHkmam79GKvDQ6x+QZkMjFGrIMxgFNILFvGSbCp2fCBC55pGTT9gVaz8Na5CLmxt/urtzRv36w==}
    hasBin: true
    dev: true
    optional: true

  /node-gyp-build@4.4.0:
    resolution: {integrity: sha512-amJnQCcgtRVw9SvoebO3BKGESClrfXGCUTX9hSn1OuGQTQBOZmVd0Z0OlecpuRksKvbsUqALE8jls/ErClAPuQ==}
    hasBin: true
    dev: true

  /node-releases@2.0.13:
    resolution: {integrity: sha512-uYr7J37ae/ORWdZeQ1xxMJe3NtdmqMC/JZK+geofDrkLUApKRHPd18/TxtBOJ4A0/+uUIliorNrfYV6s1b02eQ==}
    dev: true

  /nullthrows@1.1.1:
    resolution: {integrity: sha512-2vPPEi+Z7WqML2jZYddDIfy5Dqb0r2fze2zTxNNknZaFpVHU3mFB3R+DWeJWGVx0ecvttSGlJTI+WG+8Z4cDWw==}
    dev: true

  /ordered-binary@1.2.5:
    resolution: {integrity: sha512-djRmZoEpOGvIRW7ufsCDHtvcUa18UC9TxnPbHhSVFZHsoyg0dtut1bWtBZ/fmxdPN62oWXrV6adM7NoWU+CneA==}
    dev: true

  /ordered-binary@1.4.1:
    resolution: {integrity: sha512-9LtiGlPy982CsgxZvJGNNp2/NnrgEr6EAyN3iIEP3/8vd3YLgAZQHbQ75ZrkfBRGrNg37Dk3U6tuVb+B4Xfslg==}
    dev: true

  /picocolors@1.0.0:
    resolution: {integrity: sha512-1fygroTLlHu66zi26VoTDv8yRgm0Fccecssto+MhsZ0D/DGW2sm8E8AjW7NU5VVTRt5GxbeZ5qBuJr+HyLYkjQ==}
    dev: true

  /picomatch@2.3.1:
    resolution: {integrity: sha512-JU3teHTNjmE2VCGFzuY8EXzCDVwEqB2a8fsIvwaStHhAWJEeVd1o1QD80CU6+ZdEXXSLbSsuLwJjkCBWqRQUVA==}
    engines: {node: '>=8.6'}
    dev: true

  /safe-buffer@5.2.1:
    resolution: {integrity: sha512-rp3So07KcdmmKbGvgaNxQSJr7bGVSVk5S9Eq1F+ppbRo70+YeaDxkw5Dd8NPN+GD6bjnYm2VuPuCXmpuYvmCXQ==}
    dev: true

  /semver@5.7.1:
    resolution: {integrity: sha512-sauaDf/PZdVgrLTNYHRtpXa1iRiKcaebiKQ1BJdpQlWH2lCvexQdX55snPFyK7QzpudqbCI0qXFfOasHdyNDGQ==}
    hasBin: true
    dev: true

  /semver@7.5.4:
    resolution: {integrity: sha512-1bCSESV6Pv+i21Hvpxp3Dx+pSD8lIPt8uVjRrxAUt/nbswYc+tK6Y2btiULjd4+fnq15PX+nqQDC7Oft7WkwcA==}
    engines: {node: '>=10'}
    hasBin: true
    dependencies:
      lru-cache: 6.0.0
    dev: true

  /supports-color@7.2.0:
    resolution: {integrity: sha512-qpCAvRl9stuOHveKsn7HncJRvv501qIacKzQlO/+Lwxc9+0q2wLyv4Dfvt80/DPn2pqOBsJdDiogXGR9+OvwRw==}
    engines: {node: '>=8'}
    dependencies:
      has-flag: 4.0.0
    dev: true

  /to-regex-range@5.0.1:
    resolution: {integrity: sha512-65P7iz6X5yEr1cwcgvQxbbIw7Uk3gOy5dIdtZ4rDveLqhrdJP+Li/Hx6tyK0NEb+2GCyneCMJiGqrADCSNk8sQ==}
    engines: {node: '>=8.0'}
    dependencies:
      is-number: 7.0.0
    dev: true

  /update-browserslist-db@1.0.11(browserslist@4.21.10):
    resolution: {integrity: sha512-dCwEFf0/oT85M1fHBg4F0jtLwJrutGoHSQXCh7u4o2t1drG+c0a9Flnqww6XUKSfQMPpJBRjU8d4RXB09qtvaA==}
    hasBin: true
    peerDependencies:
      browserslist: '>= 4.21.0'
    dependencies:
      browserslist: 4.21.10
      escalade: 3.1.1
      picocolors: 1.0.0
    dev: true

  /utility-types@3.10.0:
    resolution: {integrity: sha512-O11mqxmi7wMKCo6HKFt5AhO4BwY3VV68YU07tgxfz8zJTIxr4BpsezN49Ffwy9j3ZpwwJp4fkRwjRzq3uWE6Rg==}
    engines: {node: '>= 4'}
    dev: true

  /weak-lru-cache@1.2.2:
    resolution: {integrity: sha512-DEAoo25RfSYMuTGc9vPJzZcZullwIqRDSI9LOy+fkCJPi6hykCnfKaXTuPBDuXAUcqHXyOgFtHNp/kB2FjYHbw==}
    dev: true

  /xxhash-wasm@0.4.2:
    resolution: {integrity: sha512-/eyHVRJQCirEkSZ1agRSCwriMhwlyUcFkXD5TPVSLP+IPzjsqMVzZwdoczLp1SoQU0R3dxz1RpIK+4YNQbCVOA==}
    dev: true

  /yallist@4.0.0:
    resolution: {integrity: sha512-3wdGidZyq5PB084XLES5TpOSRA3wjXAlIWMhum2kRcv/41Sn2emQ0dycQW4uZXLejwKvg6EsvbdlVL+FYEct7A==}
    dev: true

  /yuv-buffer@1.0.0:
    resolution: {integrity: sha1-CaRUhY103yvDHNWI7dcP/Lhr/Jo=}
    dev: false

  /yuv-canvas@1.2.11:
    resolution: {integrity: sha512-LOxjD+gUO7XeHeExFEozpTEFBlbqEZOnaHLAwx4esJ2tzSWl/S/xDRSDu1N+asxYn7ldV+HtisrYAzJXkT7Rhw==}
    dev: false
